
Microsoft Visual Studio Solution File, Format Version 12.00
# Visual Studio Version 17
VisualStudioVersion = 17.6.33927.249
MinimumVisualStudioVersion = 10.0.40219.1
Project("{FAE04EC0-301F-11D3-BF4B-00C04F79EFBC}") = "ST_Proj_DotNetCoreMVC", "ST_Proj_DotNetCoreMVC\ST_Proj_DotNetCoreMVC.csproj", "{690B217F-0CE5-4EC8-AC50-3AD0FD13D68C}"
EndProject
Global
	GlobalSection(SolutionConfigurationPlatforms) = preSolution
		Debug|Any CPU = Debug|Any CPU
		Release|Any CPU = Release|Any CPU
	EndGlobalSection
	GlobalSection(ProjectConfigurationPlatforms) = postSolution
		{690B217F-0CE5-4EC8-AC50-3AD0FD13D68C}.Debug|Any CPU.ActiveCfg = Debug|Any CPU
		{690B217F-0CE5-4EC8-AC50-3AD0FD13D68C}.Debug|Any CPU.Build.0 = Debug|Any CPU
		{690B217F-0CE5-4EC8-AC50-3AD0FD13D68C}.Release|Any CPU.ActiveCfg = Release|Any CPU
		{690B217F-0CE5-4EC8-AC50-3AD0FD13D68C}.Release|Any CPU.Build.0 = Release|Any CPU
	EndGlobalSection
	GlobalSection(SolutionProperties) = preSolution
		HideSolutionNode = FALSE
	EndGlobalSection
	GlobalSection(ExtensibilityGlobals) = postSolution
		SolutionGuid = {C250EEA1-BEAD-4E88-8483-591225BD48D6}
	EndGlobalSection
EndGlobal
